
Microsoft Visual Studio Solution File, Format Version 12.00
# Visual Studio Version 17
VisualStudioVersion = 17.2.32505.173
MinimumVisualStudioVersion = 10.0.40219.1
Project("{FAE04EC0-301F-11D3-BF4B-00C04F79EFBC}") = "KararYapilari", "KararYapilari\KararYapilari.csproj", "{B2183E1C-F3F9-48F9-942F-7970DDB2AD91}"
EndProject
Global
	GlobalSection(SolutionConfigurationPlatforms) = preSolution
		Debug|Any CPU = Debug|Any CPU
		Release|Any CPU = Release|Any CPU
	EndGlobalSection
	GlobalSection(ProjectConfigurationPlatforms) = postSolution
		{B2183E1C-F3F9-48F9-942F-7970DDB2AD91}.Debug|Any CPU.ActiveCfg = Debug|Any CPU
		{B2183E1C-F3F9-48F9-942F-7970DDB2AD91}.Debug|Any CPU.Build.0 = Debug|Any CPU
		{B2183E1C-F3F9-48F9-942F-7970DDB2AD91}.Release|Any CPU.ActiveCfg = Release|Any CPU
		{B2183E1C-F3F9-48F9-942F-7970DDB2AD91}.Release|Any CPU.Build.0 = Release|Any CPU
	EndGlobalSection
	GlobalSection(SolutionProperties) = preSolution
		HideSolutionNode = FALSE
	EndGlobalSection
	GlobalSection(ExtensibilityGlobals) = postSolution
		SolutionGuid = {B96174F3-64AA-40A1-BBF0-8A4C62749A74}
	EndGlobalSection
EndGlobal
